{
    "_readme": [
        "This file locks the dependencies of your project to a known state",
        "Read more about it at https://getcomposer.org/doc/01-basic-usage.md#installing-dependencies",
        "This file is @generated automatically"
    ],
    "content-hash": "b818a946b191fcb1b7707fd5d766395c",
    "packages": [],
    "packages-dev": [
        {
            "name": "phpcq/runner-bootstrap",
            "version": "dev-master",
            "source": {
                "type": "git",
                "url": "https://github.com/phpcq/runner-bootstrap.git",
                "reference": "aa201ff5719ddc2aad060b6a4b0689bacbca37c6"
            },
            "dist": {
                "type": "zip",
                "url": "https://api.github.com/repos/phpcq/runner-bootstrap/zipball/aa201ff5719ddc2aad060b6a4b0689bacbca37c6",
                "reference": "aa201ff5719ddc2aad060b6a4b0689bacbca37c6",
                "shasum": ""
            },
            "require": {
                "php": "^7.3 || ^8.0"
            },
            "default-branch": true,
            "bin": [
                "bin/phpcq"
            ],
            "type": "library",
            "extra": {
                "branch-alias": {
                    "dev-master": "1.x-dev"
                }
            },
            "notification-url": "https://packagist.org/downloads/",
            "license": [
                "MIT"
            ],
            "authors": [
                {
                    "name": "Christian Schiffler",
                    "email": "c.schiffler@cyberspectrum.de",
                    "homepage": "http://cyberspectrum.de",
                    "role": "lead"
                },
                {
                    "name": "David Molineus",
                    "email": "david.molineus@netzmacht.de",
                    "homepage": "https://netzmacht.de",
                    "role": "lead"
                }
            ],
            "description": "PHP code quality composer plugin.",
            "support": {
                "issues": "https://github.com/phpcq/runner-bootstrap/issues",
                "source": "https://github.com/phpcq/runner-bootstrap/tree/master"
            },
            "funding": [
                {
                    "url": "https://github.com/discordier",
                    "type": "github"
                },
                {
                    "url": "https://github.com/dmolineus",
                    "type": "github"
                }
            ],
            "time": "2022-01-21T11:15:13+00:00"
        }
    ],
    "aliases": [],
    "minimum-stability": "stable",
    "stability-flags": {
        "phpcq/runner-bootstrap": 20
    },
    "prefer-stable": false,
    "prefer-lowest": false,
    "platform": {
        "php": "^7.3 || ^8.0",
        "ext-filter": "*",
        "ext-hash": "*",
        "ext-json": "*"
    },
    "platform-dev": {},
    "plugin-api-version": "2.6.0"
}
